
Microsoft Visual Studio Solution File, Format Version 12.00
# Visual Studio Version 16
VisualStudioVersion = 16.0.29418.71
MinimumVisualStudioVersion = 10.0.40219.1
Project("{FAE04EC0-301F-11D3-BF4B-00C04F79EFBC}") = "PENCOMSERVICE", "PENCOMSERVICE\PENCOMSERVICE.csproj", "{2E50890F-4752-475C-A5C5-E4834F1AF9DB}"
EndProject
Global
	GlobalSection(SolutionConfigurationPlatforms) = preSolution
		Debug|Any CPU = Debug|Any CPU
		Release|Any CPU = Release|Any CPU
	EndGlobalSection
	GlobalSection(ProjectConfigurationPlatforms) = postSolution
		{2E50890F-4752-475C-A5C5-E4834F1AF9DB}.Debug|Any CPU.ActiveCfg = Debug|Any CPU
		{2E50890F-4752-475C-A5C5-E4834F1AF9DB}.Debug|Any CPU.Build.0 = Debug|Any CPU
		{2E50890F-4752-475C-A5C5-E4834F1AF9DB}.Release|Any CPU.ActiveCfg = Release|Any CPU
		{2E50890F-4752-475C-A5C5-E4834F1AF9DB}.Release|Any CPU.Build.0 = Release|Any CPU
	EndGlobalSection
	GlobalSection(SolutionProperties) = preSolution
		HideSolutionNode = FALSE
	EndGlobalSection
	GlobalSection(ExtensibilityGlobals) = postSolution
		SolutionGuid = {6B214FD1-AA90-44D9-9F3D-1B048AEECEB2}
	EndGlobalSection
EndGlobal
